
Microsoft Visual Studio Solution File, Format Version 12.00
# Visual Studio 14
VisualStudioVersion = 14.0.22823.1
MinimumVisualStudioVersion = 10.0.40219.1
Project("{FAE04EC0-301F-11D3-BF4B-00C04F79EFBC}") = "App.JQMTodo", "App.JQMTodo.csproj", "{D5E88652-30CD-40BE-935B-B7F1E15524F4}"
EndProject
Global
	GlobalSection(SolutionConfigurationPlatforms) = preSolution
		Debug|Any CPU = Debug|Any CPU
		Release|Any CPU = Release|Any CPU
	EndGlobalSection
	GlobalSection(ProjectConfigurationPlatforms) = postSolution
		{D5E88652-30CD-40BE-935B-B7F1E15524F4}.Debug|Any CPU.ActiveCfg = Debug|Any CPU
		{D5E88652-30CD-40BE-935B-B7F1E15524F4}.Debug|Any CPU.Build.0 = Debug|Any CPU
		{D5E88652-30CD-40BE-935B-B7F1E15524F4}.Release|Any CPU.ActiveCfg = Release|Any CPU
		{D5E88652-30CD-40BE-935B-B7F1E15524F4}.Release|Any CPU.Build.0 = Release|Any CPU
	EndGlobalSection
	GlobalSection(SolutionProperties) = preSolution
		HideSolutionNode = FALSE
	EndGlobalSection
EndGlobal
